// !$*UTF8*$!
{
	archiveVersion = 1;
	classes = {
	};
	objectVersion = 46;
	objects = {

/* Begin PBXBuildFile section */
		420114E01D5791D900B2F199 /* TimelineItem.swift in Sources */ = {isa = PBXBuildFile; fileRef = 420114DF1D5791D900B2F199 /* TimelineItem.swift */; };
		420114E41D579B4800B2F199 /* Utils.swift in Sources */ = {isa = PBXBuildFile; fileRef = 420114E31D579B4800B2F199 /* Utils.swift */; };
		420114E71D579FA100B2F199 /* TimelineItemTableViewCell.swift in Sources */ = {isa = PBXBuildFile; fileRef = 420114E51D579FA100B2F199 /* TimelineItemTableViewCell.swift */; };
		420114E81D579FA100B2F199 /* TimelineItemTableViewCell.xib in Resources */ = {isa = PBXBuildFile; fileRef = 420114E61D579FA100B2F199 /* TimelineItemTableViewCell.xib */; };
		42210CAA1D4D040F0029990F /* AppDelegate.swift in Sources */ = {isa = PBXBuildFile; fileRef = 42210CA91D4D040F0029990F /* AppDelegate.swift */; };
		42210CAF1D4D040F0029990F /* Main.storyboard in Resources */ = {isa = PBXBuildFile; fileRef = 42210CAD1D4D040F0029990F /* Main.storyboard */; };
		42210CB11D4D040F0029990F /* Assets.xcassets in Resources */ = {isa = PBXBuildFile; fileRef = 42210CB01D4D040F0029990F /* Assets.xcassets */; };
		42210CB41D4D040F0029990F /* LaunchScreen.storyboard in Resources */ = {isa = PBXBuildFile; fileRef = 42210CB21D4D040F0029990F /* LaunchScreen.storyboard */; };
		422378911D60361500062B73 /* WeekdaysViewController.swift in Sources */ = {isa = PBXBuildFile; fileRef = 422378901D60361500062B73 /* WeekdaysViewController.swift */; };
		422378951D60374B00062B73 /* FriendTableViewCell.swift in Sources */ = {isa = PBXBuildFile; fileRef = 422378931D60374B00062B73 /* FriendTableViewCell.swift */; };
		422378961D60374B00062B73 /* FriendTableViewCell.xib in Resources */ = {isa = PBXBuildFile; fileRef = 422378941D60374B00062B73 /* FriendTableViewCell.xib */; };
		422378981D60375A00062B73 /* Friend.storyboard in Resources */ = {isa = PBXBuildFile; fileRef = 422378971D60375A00062B73 /* Friend.storyboard */; };
		424AF1FE1D5E8B95001754B2 /* Users.swift in Sources */ = {isa = PBXBuildFile; fileRef = 424AF1FD1D5E8B95001754B2 /* Users.swift */; };
		424AF2021D5E94A9001754B2 /* SessionsHistory.swift in Sources */ = {isa = PBXBuildFile; fileRef = 424AF2011D5E94A9001754B2 /* SessionsHistory.swift */; };
		424AF2101D5ED2DF001754B2 /* WeekdayCell.swift in Sources */ = {isa = PBXBuildFile; fileRef = 424AF20F1D5ED2DF001754B2 /* WeekdayCell.swift */; };
		424AF2131D5ED30F001754B2 /* UserGoalTableViewCell.swift in Sources */ = {isa = PBXBuildFile; fileRef = 424AF2111D5ED30F001754B2 /* UserGoalTableViewCell.swift */; };
		424AF2141D5ED30F001754B2 /* UserGoalTableViewCell.xib in Resources */ = {isa = PBXBuildFile; fileRef = 424AF2121D5ED30F001754B2 /* UserGoalTableViewCell.xib */; };
		424AF2171D5EDEE0001754B2 /* UserProfileTableViewCell.swift in Sources */ = {isa = PBXBuildFile; fileRef = 424AF2151D5EDEE0001754B2 /* UserProfileTableViewCell.swift */; };
		424AF2181D5EDEE0001754B2 /* UserProfileTableViewCell.xib in Resources */ = {isa = PBXBuildFile; fileRef = 424AF2161D5EDEE0001754B2 /* UserProfileTableViewCell.xib */; };
		424AF21B1D5EDF00001754B2 /* UserGoalsChartTableViewCell.swift in Sources */ = {isa = PBXBuildFile; fileRef = 424AF2191D5EDF00001754B2 /* UserGoalsChartTableViewCell.swift */; };
		424AF21C1D5EDF00001754B2 /* UserGoalsChartTableViewCell.xib in Resources */ = {isa = PBXBuildFile; fileRef = 424AF21A1D5EDF00001754B2 /* UserGoalsChartTableViewCell.xib */; };
		424AF21E1D5EF65F001754B2 /* UsersGoalSectionHeaderView.swift in Sources */ = {isa = PBXBuildFile; fileRef = 424AF21D1D5EF65F001754B2 /* UsersGoalSectionHeaderView.swift */; };
		424AF2201D5EF67B001754B2 /* UsersGoalSectionHeaderView.xib in Resources */ = {isa = PBXBuildFile; fileRef = 424AF21F1D5EF67B001754B2 /* UsersGoalSectionHeaderView.xib */; };
		4263033E1D526687007C1963 /* User.swift in Sources */ = {isa = PBXBuildFile; fileRef = 4263033D1D526687007C1963 /* User.swift */; };
		4263DF501D5BC5A40050E5A0 /* CoreExtend.swift in Sources */ = {isa = PBXBuildFile; fileRef = 4263DF4F1D5BC5A40050E5A0 /* CoreExtend.swift */; };
		4263DF571D5BC6460050E5A0 /* APIClient.swift in Sources */ = {isa = PBXBuildFile; fileRef = 4263DF511D5BC6460050E5A0 /* APIClient.swift */; };
		4263DF581D5BC6460050E5A0 /* APIResponse.swift in Sources */ = {isa = PBXBuildFile; fileRef = 4263DF521D5BC6460050E5A0 /* APIResponse.swift */; };
		4263DF591D5BC6460050E5A0 /* Auth.swift in Sources */ = {isa = PBXBuildFile; fileRef = 4263DF531D5BC6460050E5A0 /* Auth.swift */; };
		4263DF5A1D5BC6460050E5A0 /* Categories.swift in Sources */ = {isa = PBXBuildFile; fileRef = 4263DF541D5BC6460050E5A0 /* Categories.swift */; };
		4263DF5B1D5BC6460050E5A0 /* Friends.swift in Sources */ = {isa = PBXBuildFile; fileRef = 4263DF551D5BC6460050E5A0 /* Friends.swift */; };
		4263DF5C1D5BC6460050E5A0 /* Goals.swift in Sources */ = {isa = PBXBuildFile; fileRef = 4263DF561D5BC6460050E5A0 /* Goals.swift */; };
		4263F9121D558C9B00C119DB /* Goal.swift in Sources */ = {isa = PBXBuildFile; fileRef = 4263F9111D558C9B00C119DB /* Goal.swift */; };
		4263F9161D55FD2600C119DB /* GoalStartEnd.storyboard in Resources */ = {isa = PBXBuildFile; fileRef = 4263F9151D55FD2600C119DB /* GoalStartEnd.storyboard */; };
		4263F91B1D55FF7500C119DB /* StartGoalNotifyViewController.swift in Sources */ = {isa = PBXBuildFile; fileRef = 4263F91A1D55FF7500C119DB /* StartGoalNotifyViewController.swift */; };
		42F0100E1D4FA473002CD514 /* StoryboardManager.swift in Sources */ = {isa = PBXBuildFile; fileRef = 42F0100D1D4FA473002CD514 /* StoryboardManager.swift */; };
		42F0101C1D4FA856002CD514 /* Login.storyboard in Resources */ = {isa = PBXBuildFile; fileRef = 42F010181D4FA856002CD514 /* Login.storyboard */; };
		42F0101D1D4FA856002CD514 /* NewGoal.storyboard in Resources */ = {isa = PBXBuildFile; fileRef = 42F010191D4FA856002CD514 /* NewGoal.storyboard */; };
		42F0101E1D4FA856002CD514 /* Timeline.storyboard in Resources */ = {isa = PBXBuildFile; fileRef = 42F0101A1D4FA856002CD514 /* Timeline.storyboard */; };
		42F0101F1D4FA856002CD514 /* User.storyboard in Resources */ = {isa = PBXBuildFile; fileRef = 42F0101B1D4FA856002CD514 /* User.storyboard */; };
		42F010241D4FA925002CD514 /* LoginViewController.swift in Sources */ = {isa = PBXBuildFile; fileRef = 42F010221D4FA925002CD514 /* LoginViewController.swift */; };
		42F010251D4FA925002CD514 /* MainTabBarController.swift in Sources */ = {isa = PBXBuildFile; fileRef = 42F010231D4FA925002CD514 /* MainTabBarController.swift */; };
		42F010281D4FAB1F002CD514 /* TimelineViewController.swift in Sources */ = {isa = PBXBuildFile; fileRef = 42F010271D4FAB1F002CD514 /* TimelineViewController.swift */; };
		42F0102B1D4FABBE002CD514 /* UserViewController.swift in Sources */ = {isa = PBXBuildFile; fileRef = 42F0102A1D4FABBE002CD514 /* UserViewController.swift */; };
		42F0102E1D4FACC7002CD514 /* NewGoalViewController.swift in Sources */ = {isa = PBXBuildFile; fileRef = 42F0102D1D4FACC7002CD514 /* NewGoalViewController.swift */; };
		42F010301D4FAF5F002CD514 /* Constants.swift in Sources */ = {isa = PBXBuildFile; fileRef = 42F0102F1D4FAF5F002CD514 /* Constants.swift */; };
		874CEBCB2A9421E1CC3AB38A /* Pods_GoalPerformance.framework in Frameworks */ = {isa = PBXBuildFile; fileRef = BA64F14D1A1E3CD111C2F96F /* Pods_GoalPerformance.framework */; };
		E00701481D608D180090972F /* FriendViewController.swift in Sources */ = {isa = PBXBuildFile; fileRef = E00701471D608D180090972F /* FriendViewController.swift */; };
		E07B39831D5481A70000FA93 /* InviteFriend.storyboard in Resources */ = {isa = PBXBuildFile; fileRef = E07B39821D5481A70000FA93 /* InviteFriend.storyboard */; };
		E07B39871D5481C60000FA93 /* InviteViewController.swift in Sources */ = {isa = PBXBuildFile; fileRef = E07B39851D5481C60000FA93 /* InviteViewController.swift */; };
		E07B39881D5481C60000FA93 /* SelectInviteFriendViewController.swift in Sources */ = {isa = PBXBuildFile; fileRef = E07B39861D5481C60000FA93 /* SelectInviteFriendViewController.swift */; };
		E0E6F29D1D5772B000EE8448 /* LocalNotificationsManager.swift in Sources */ = {isa = PBXBuildFile; fileRef = E0E6F29C1D5772B000EE8448 /* LocalNotificationsManager.swift */; };
		E0E6F29F1D5773AC00EE8448 /* EndGoalNotifyViewController.swift in Sources */ = {isa = PBXBuildFile; fileRef = E0E6F29E1D5773AC00EE8448 /* EndGoalNotifyViewController.swift */; };
		E0E6F2A11D57761900EE8448 /* SuggestFriendTableViewCell.swift in Sources */ = {isa = PBXBuildFile; fileRef = E0E6F2A01D57761900EE8448 /* SuggestFriendTableViewCell.swift */; };
		E471C84A1D5787150075C5E9 /* DefineGoalViewController.swift in Sources */ = {isa = PBXBuildFile; fileRef = E471C8471D5787150075C5E9 /* DefineGoalViewController.swift */; };
		E471C84B1D5787150075C5E9 /* DurationViewController.swift in Sources */ = {isa = PBXBuildFile; fileRef = E471C8481D5787150075C5E9 /* DurationViewController.swift */; };
		E471C84C1D5787150075C5E9 /* GoalIntervalTableViewController.swift in Sources */ = {isa = PBXBuildFile; fileRef = E471C8491D5787150075C5E9 /* GoalIntervalTableViewController.swift */; };
		E471C8501D57895D0075C5E9 /* Category.swift in Sources */ = {isa = PBXBuildFile; fileRef = E471C84F1D57895D0075C5E9 /* Category.swift */; };
		E4986E501D604642005A6A34 /* DoneViewController.swift in Sources */ = {isa = PBXBuildFile; fileRef = E4986E4F1D604642005A6A34 /* DoneViewController.swift */; };
/* End PBXBuildFile section */

/* Begin PBXFileReference section */
		420114DF1D5791D900B2F199 /* TimelineItem.swift */ = {isa = PBXFileReference; fileEncoding = 4; lastKnownFileType = sourcecode.swift; path = TimelineItem.swift; sourceTree = "<group>"; };
		420114E31D579B4800B2F199 /* Utils.swift */ = {isa = PBXFileReference; fileEncoding = 4; lastKnownFileType = sourcecode.swift; path = Utils.swift; sourceTree = "<group>"; };
		420114E51D579FA100B2F199 /* TimelineItemTableViewCell.swift */ = {isa = PBXFileReference; fileEncoding = 4; lastKnownFileType = sourcecode.swift; name = TimelineItemTableViewCell.swift; path = TimelineViews/TimelineItemTableViewCell.swift; sourceTree = "<group>"; };
		420114E61D579FA100B2F199 /* TimelineItemTableViewCell.xib */ = {isa = PBXFileReference; fileEncoding = 4; lastKnownFileType = file.xib; name = TimelineItemTableViewCell.xib; path = TimelineViews/TimelineItemTableViewCell.xib; sourceTree = "<group>"; };
		42210CA61D4D040F0029990F /* GoalPerformance.app */ = {isa = PBXFileReference; explicitFileType = wrapper.application; includeInIndex = 0; path = GoalPerformance.app; sourceTree = BUILT_PRODUCTS_DIR; };
		42210CA91D4D040F0029990F /* AppDelegate.swift */ = {isa = PBXFileReference; lastKnownFileType = sourcecode.swift; path = AppDelegate.swift; sourceTree = "<group>"; };
		42210CAE1D4D040F0029990F /* Base */ = {isa = PBXFileReference; lastKnownFileType = file.storyboard; name = Base; path = Base.lproj/Main.storyboard; sourceTree = "<group>"; };
		42210CB01D4D040F0029990F /* Assets.xcassets */ = {isa = PBXFileReference; lastKnownFileType = folder.assetcatalog; path = Assets.xcassets; sourceTree = "<group>"; };
		42210CB31D4D040F0029990F /* Base */ = {isa = PBXFileReference; lastKnownFileType = file.storyboard; name = Base; path = Base.lproj/LaunchScreen.storyboard; sourceTree = "<group>"; };
		42210CB51D4D04100029990F /* Info.plist */ = {isa = PBXFileReference; lastKnownFileType = text.plist.xml; path = Info.plist; sourceTree = "<group>"; };
		422378901D60361500062B73 /* WeekdaysViewController.swift */ = {isa = PBXFileReference; fileEncoding = 4; lastKnownFileType = sourcecode.swift; path = WeekdaysViewController.swift; sourceTree = "<group>"; };
		422378931D60374B00062B73 /* FriendTableViewCell.swift */ = {isa = PBXFileReference; fileEncoding = 4; lastKnownFileType = sourcecode.swift; path = FriendTableViewCell.swift; sourceTree = "<group>"; };
		422378941D60374B00062B73 /* FriendTableViewCell.xib */ = {isa = PBXFileReference; fileEncoding = 4; lastKnownFileType = file.xib; path = FriendTableViewCell.xib; sourceTree = "<group>"; };
		422378971D60375A00062B73 /* Friend.storyboard */ = {isa = PBXFileReference; fileEncoding = 4; lastKnownFileType = file.storyboard; path = Friend.storyboard; sourceTree = "<group>"; };
		424AF1FD1D5E8B95001754B2 /* Users.swift */ = {isa = PBXFileReference; fileEncoding = 4; lastKnownFileType = sourcecode.swift; path = Users.swift; sourceTree = "<group>"; };
		424AF2011D5E94A9001754B2 /* SessionsHistory.swift */ = {isa = PBXFileReference; fileEncoding = 4; lastKnownFileType = sourcecode.swift; path = SessionsHistory.swift; sourceTree = "<group>"; };
		424AF20F1D5ED2DF001754B2 /* WeekdayCell.swift */ = {isa = PBXFileReference; fileEncoding = 4; lastKnownFileType = sourcecode.swift; path = WeekdayCell.swift; sourceTree = "<group>"; };
		424AF2111D5ED30F001754B2 /* UserGoalTableViewCell.swift */ = {isa = PBXFileReference; fileEncoding = 4; lastKnownFileType = sourcecode.swift; path = UserGoalTableViewCell.swift; sourceTree = "<group>"; };
		424AF2121D5ED30F001754B2 /* UserGoalTableViewCell.xib */ = {isa = PBXFileReference; fileEncoding = 4; lastKnownFileType = file.xib; path = UserGoalTableViewCell.xib; sourceTree = "<group>"; };
		424AF2151D5EDEE0001754B2 /* UserProfileTableViewCell.swift */ = {isa = PBXFileReference; fileEncoding = 4; lastKnownFileType = sourcecode.swift; path = UserProfileTableViewCell.swift; sourceTree = "<group>"; };
		424AF2161D5EDEE0001754B2 /* UserProfileTableViewCell.xib */ = {isa = PBXFileReference; fileEncoding = 4; lastKnownFileType = file.xib; path = UserProfileTableViewCell.xib; sourceTree = "<group>"; };
		424AF2191D5EDF00001754B2 /* UserGoalsChartTableViewCell.swift */ = {isa = PBXFileReference; fileEncoding = 4; lastKnownFileType = sourcecode.swift; path = UserGoalsChartTableViewCell.swift; sourceTree = "<group>"; };
		424AF21A1D5EDF00001754B2 /* UserGoalsChartTableViewCell.xib */ = {isa = PBXFileReference; fileEncoding = 4; lastKnownFileType = file.xib; path = UserGoalsChartTableViewCell.xib; sourceTree = "<group>"; };
		424AF21D1D5EF65F001754B2 /* UsersGoalSectionHeaderView.swift */ = {isa = PBXFileReference; fileEncoding = 4; lastKnownFileType = sourcecode.swift; path = UsersGoalSectionHeaderView.swift; sourceTree = "<group>"; };
		424AF21F1D5EF67B001754B2 /* UsersGoalSectionHeaderView.xib */ = {isa = PBXFileReference; fileEncoding = 4; lastKnownFileType = file.xib; path = UsersGoalSectionHeaderView.xib; sourceTree = "<group>"; };
		4263033D1D526687007C1963 /* User.swift */ = {isa = PBXFileReference; fileEncoding = 4; lastKnownFileType = sourcecode.swift; path = User.swift; sourceTree = "<group>"; };
		4263DF4F1D5BC5A40050E5A0 /* CoreExtend.swift */ = {isa = PBXFileReference; fileEncoding = 4; lastKnownFileType = sourcecode.swift; path = CoreExtend.swift; sourceTree = "<group>"; };
		4263DF511D5BC6460050E5A0 /* APIClient.swift */ = {isa = PBXFileReference; fileEncoding = 4; lastKnownFileType = sourcecode.swift; path = APIClient.swift; sourceTree = "<group>"; };
		4263DF521D5BC6460050E5A0 /* APIResponse.swift */ = {isa = PBXFileReference; fileEncoding = 4; lastKnownFileType = sourcecode.swift; path = APIResponse.swift; sourceTree = "<group>"; };
		4263DF531D5BC6460050E5A0 /* Auth.swift */ = {isa = PBXFileReference; fileEncoding = 4; lastKnownFileType = sourcecode.swift; path = Auth.swift; sourceTree = "<group>"; };
		4263DF541D5BC6460050E5A0 /* Categories.swift */ = {isa = PBXFileReference; fileEncoding = 4; lastKnownFileType = sourcecode.swift; path = Categories.swift; sourceTree = "<group>"; };
		4263DF551D5BC6460050E5A0 /* Friends.swift */ = {isa = PBXFileReference; fileEncoding = 4; lastKnownFileType = sourcecode.swift; path = Friends.swift; sourceTree = "<group>"; };
		4263DF561D5BC6460050E5A0 /* Goals.swift */ = {isa = PBXFileReference; fileEncoding = 4; lastKnownFileType = sourcecode.swift; path = Goals.swift; sourceTree = "<group>"; };
		4263F9111D558C9B00C119DB /* Goal.swift */ = {isa = PBXFileReference; fileEncoding = 4; lastKnownFileType = sourcecode.swift; path = Goal.swift; sourceTree = "<group>"; };
		4263F9151D55FD2600C119DB /* GoalStartEnd.storyboard */ = {isa = PBXFileReference; fileEncoding = 4; lastKnownFileType = file.storyboard; path = GoalStartEnd.storyboard; sourceTree = "<group>"; };
		4263F91A1D55FF7500C119DB /* StartGoalNotifyViewController.swift */ = {isa = PBXFileReference; fileEncoding = 4; lastKnownFileType = sourcecode.swift; name = StartGoalNotifyViewController.swift; path = GoalPerformance/ViewControllers/GoalStartEndViewControllers/StartGoalNotifyViewController.swift; sourceTree = SOURCE_ROOT; };
		42F0100D1D4FA473002CD514 /* StoryboardManager.swift */ = {isa = PBXFileReference; fileEncoding = 4; lastKnownFileType = sourcecode.swift; path = StoryboardManager.swift; sourceTree = "<group>"; };
		42F010181D4FA856002CD514 /* Login.storyboard */ = {isa = PBXFileReference; fileEncoding = 4; lastKnownFileType = file.storyboard; path = Login.storyboard; sourceTree = "<group>"; };
		42F010191D4FA856002CD514 /* NewGoal.storyboard */ = {isa = PBXFileReference; fileEncoding = 4; lastKnownFileType = file.storyboard; path = NewGoal.storyboard; sourceTree = "<group>"; };
		42F0101A1D4FA856002CD514 /* Timeline.storyboard */ = {isa = PBXFileReference; fileEncoding = 4; lastKnownFileType = file.storyboard; path = Timeline.storyboard; sourceTree = "<group>"; };
		42F0101B1D4FA856002CD514 /* User.storyboard */ = {isa = PBXFileReference; fileEncoding = 4; lastKnownFileType = file.storyboard; path = User.storyboard; sourceTree = "<group>"; };
		42F010221D4FA925002CD514 /* LoginViewController.swift */ = {isa = PBXFileReference; fileEncoding = 4; lastKnownFileType = sourcecode.swift; path = LoginViewController.swift; sourceTree = "<group>"; };
		42F010231D4FA925002CD514 /* MainTabBarController.swift */ = {isa = PBXFileReference; fileEncoding = 4; lastKnownFileType = sourcecode.swift; path = MainTabBarController.swift; sourceTree = "<group>"; };
		42F010271D4FAB1F002CD514 /* TimelineViewController.swift */ = {isa = PBXFileReference; fileEncoding = 4; lastKnownFileType = sourcecode.swift; path = TimelineViewController.swift; sourceTree = "<group>"; };
		42F0102A1D4FABBE002CD514 /* UserViewController.swift */ = {isa = PBXFileReference; fileEncoding = 4; lastKnownFileType = sourcecode.swift; path = UserViewController.swift; sourceTree = "<group>"; };
		42F0102D1D4FACC7002CD514 /* NewGoalViewController.swift */ = {isa = PBXFileReference; fileEncoding = 4; lastKnownFileType = sourcecode.swift; path = NewGoalViewController.swift; sourceTree = "<group>"; };
		42F0102F1D4FAF5F002CD514 /* Constants.swift */ = {isa = PBXFileReference; fileEncoding = 4; lastKnownFileType = sourcecode.swift; path = Constants.swift; sourceTree = "<group>"; };
		51AB9B7915E8FB1C8939CDC2 /* Pods-GoalPerformance.release.xcconfig */ = {isa = PBXFileReference; includeInIndex = 1; lastKnownFileType = text.xcconfig; name = "Pods-GoalPerformance.release.xcconfig"; path = "Pods/Target Support Files/Pods-GoalPerformance/Pods-GoalPerformance.release.xcconfig"; sourceTree = "<group>"; };
		BA64F14D1A1E3CD111C2F96F /* Pods_GoalPerformance.framework */ = {isa = PBXFileReference; explicitFileType = wrapper.framework; includeInIndex = 0; path = Pods_GoalPerformance.framework; sourceTree = BUILT_PRODUCTS_DIR; };
		D507D87978FC701EDF431D34 /* Pods-GoalPerformance.debug.xcconfig */ = {isa = PBXFileReference; includeInIndex = 1; lastKnownFileType = text.xcconfig; name = "Pods-GoalPerformance.debug.xcconfig"; path = "Pods/Target Support Files/Pods-GoalPerformance/Pods-GoalPerformance.debug.xcconfig"; sourceTree = "<group>"; };
		E00701471D608D180090972F /* FriendViewController.swift */ = {isa = PBXFileReference; fileEncoding = 4; lastKnownFileType = sourcecode.swift; name = FriendViewController.swift; path = FriendControllers/FriendViewController.swift; sourceTree = "<group>"; };
		E07B39821D5481A70000FA93 /* InviteFriend.storyboard */ = {isa = PBXFileReference; fileEncoding = 4; lastKnownFileType = file.storyboard; path = InviteFriend.storyboard; sourceTree = "<group>"; };
		E07B39851D5481C60000FA93 /* InviteViewController.swift */ = {isa = PBXFileReference; fileEncoding = 4; lastKnownFileType = sourcecode.swift; path = InviteViewController.swift; sourceTree = "<group>"; };
		E07B39861D5481C60000FA93 /* SelectInviteFriendViewController.swift */ = {isa = PBXFileReference; fileEncoding = 4; lastKnownFileType = sourcecode.swift; path = SelectInviteFriendViewController.swift; sourceTree = "<group>"; };
		E0E6F29C1D5772B000EE8448 /* LocalNotificationsManager.swift */ = {isa = PBXFileReference; fileEncoding = 4; lastKnownFileType = sourcecode.swift; path = LocalNotificationsManager.swift; sourceTree = "<group>"; };
		E0E6F29E1D5773AC00EE8448 /* EndGoalNotifyViewController.swift */ = {isa = PBXFileReference; fileEncoding = 4; lastKnownFileType = sourcecode.swift; name = EndGoalNotifyViewController.swift; path = GoalPerformance/ViewControllers/GoalStartEndViewControllers/EndGoalNotifyViewController.swift; sourceTree = SOURCE_ROOT; };
		E0E6F2A01D57761900EE8448 /* SuggestFriendTableViewCell.swift */ = {isa = PBXFileReference; fileEncoding = 4; lastKnownFileType = sourcecode.swift; name = SuggestFriendTableViewCell.swift; path = InviteFriendViews/SuggestFriendTableViewCell.swift; sourceTree = "<group>"; };
		E471C8471D5787150075C5E9 /* DefineGoalViewController.swift */ = {isa = PBXFileReference; fileEncoding = 4; lastKnownFileType = sourcecode.swift; path = DefineGoalViewController.swift; sourceTree = "<group>"; };
		E471C8481D5787150075C5E9 /* DurationViewController.swift */ = {isa = PBXFileReference; fileEncoding = 4; lastKnownFileType = sourcecode.swift; path = DurationViewController.swift; sourceTree = "<group>"; };
		E471C8491D5787150075C5E9 /* GoalIntervalTableViewController.swift */ = {isa = PBXFileReference; fileEncoding = 4; lastKnownFileType = sourcecode.swift; path = GoalIntervalTableViewController.swift; sourceTree = "<group>"; };
		E471C84F1D57895D0075C5E9 /* Category.swift */ = {isa = PBXFileReference; fileEncoding = 4; lastKnownFileType = sourcecode.swift; path = Category.swift; sourceTree = "<group>"; };
		E4986E4F1D604642005A6A34 /* DoneViewController.swift */ = {isa = PBXFileReference; fileEncoding = 4; lastKnownFileType = sourcecode.swift; path = DoneViewController.swift; sourceTree = "<group>"; };
/* End PBXFileReference section */

/* Begin PBXFrameworksBuildPhase section */
		42210CA31D4D040F0029990F /* Frameworks */ = {
			isa = PBXFrameworksBuildPhase;
			buildActionMask = 2147483647;
			files = (
				874CEBCB2A9421E1CC3AB38A /* Pods_GoalPerformance.framework in Frameworks */,
			);
			runOnlyForDeploymentPostprocessing = 0;
		};
/* End PBXFrameworksBuildPhase section */

/* Begin PBXGroup section */
		2B4811E4B0ECBE716F7D2F0E /* Frameworks */ = {
			isa = PBXGroup;
			children = (
				BA64F14D1A1E3CD111C2F96F /* Pods_GoalPerformance.framework */,
			);
			name = Frameworks;
			sourceTree = "<group>";
		};
		420114E91D57BBAF00B2F199 /* TimelineViews */ = {
			isa = PBXGroup;
			children = (
				420114E51D579FA100B2F199 /* TimelineItemTableViewCell.swift */,
				420114E61D579FA100B2F199 /* TimelineItemTableViewCell.xib */,
			);
			name = TimelineViews;
			sourceTree = "<group>";
		};
		42210C9D1D4D040F0029990F = {
			isa = PBXGroup;
			children = (
				42210CA81D4D040F0029990F /* GoalPerformance */,
				42210CA71D4D040F0029990F /* Products */,
				F12935C63977DEE64BD5514D /* Pods */,
				2B4811E4B0ECBE716F7D2F0E /* Frameworks */,
			);
			sourceTree = "<group>";
		};
		42210CA71D4D040F0029990F /* Products */ = {
			isa = PBXGroup;
			children = (
				42210CA61D4D040F0029990F /* GoalPerformance.app */,
			);
			name = Products;
			sourceTree = "<group>";
		};
		42210CA81D4D040F0029990F /* GoalPerformance */ = {
			isa = PBXGroup;
			children = (
				4263DF4E1D5BC56A0050E5A0 /* Extensions */,
				42F010171D4FA7EC002CD514 /* StoryBoards */,
				42F0100C1D4FA43B002CD514 /* Singleton */,
				42F010091D4F9FB4002CD514 /* Models */,
				42F010081D4F9FAA002CD514 /* API */,
				42F010071D4F9F9E002CD514 /* Views */,
				42F010061D4F9F8D002CD514 /* ViewControllers */,
				42210CA91D4D040F0029990F /* AppDelegate.swift */,
				42210CAD1D4D040F0029990F /* Main.storyboard */,
				42210CB01D4D040F0029990F /* Assets.xcassets */,
				42210CB21D4D040F0029990F /* LaunchScreen.storyboard */,
				42210CB51D4D04100029990F /* Info.plist */,
			);
			path = GoalPerformance;
			sourceTree = "<group>";
		};
		422378921D60373A00062B73 /* FriendViews */ = {
			isa = PBXGroup;
			children = (
				422378931D60374B00062B73 /* FriendTableViewCell.swift */,
				422378941D60374B00062B73 /* FriendTableViewCell.xib */,
			);
			path = FriendViews;
			sourceTree = "<group>";
		};
		424AF20D1D5ED2AF001754B2 /* UserTimelineViews */ = {
			isa = PBXGroup;
			children = (
				424AF2111D5ED30F001754B2 /* UserGoalTableViewCell.swift */,
				424AF2121D5ED30F001754B2 /* UserGoalTableViewCell.xib */,
				424AF2151D5EDEE0001754B2 /* UserProfileTableViewCell.swift */,
				424AF2161D5EDEE0001754B2 /* UserProfileTableViewCell.xib */,
				424AF2191D5EDF00001754B2 /* UserGoalsChartTableViewCell.swift */,
				424AF21A1D5EDF00001754B2 /* UserGoalsChartTableViewCell.xib */,
				424AF21D1D5EF65F001754B2 /* UsersGoalSectionHeaderView.swift */,
				424AF21F1D5EF67B001754B2 /* UsersGoalSectionHeaderView.xib */,
			);
			path = UserTimelineViews;
			sourceTree = "<group>";
		};
		424AF20E1D5ED2C0001754B2 /* NewGoalViews */ = {
			isa = PBXGroup;
			children = (
				424AF20F1D5ED2DF001754B2 /* WeekdayCell.swift */,
			);
			path = NewGoalViews;
			sourceTree = "<group>";
		};
		4263DF4E1D5BC56A0050E5A0 /* Extensions */ = {
			isa = PBXGroup;
			children = (
				4263DF4F1D5BC5A40050E5A0 /* CoreExtend.swift */,
			);
			name = Extensions;
			path = Extension;
			sourceTree = "<group>";
		};
		4263F9191D55FF0800C119DB /* GoalStartEndViewControllers */ = {
			isa = PBXGroup;
			children = (
				E0E6F29E1D5773AC00EE8448 /* EndGoalNotifyViewController.swift */,
				4263F91A1D55FF7500C119DB /* StartGoalNotifyViewController.swift */,
			);
			name = GoalStartEndViewControllers;
			path = GoalStartEnd;
			sourceTree = "<group>";
		};
		42F010061D4F9F8D002CD514 /* ViewControllers */ = {
			isa = PBXGroup;
			children = (
				E00701461D608CBC0090972F /* FriendControllers */,
				4263F9191D55FF0800C119DB /* GoalStartEndViewControllers */,
				E07B39841D5481C60000FA93 /* InviteFriendViewControllers */,
				42F0102C1D4FAC3A002CD514 /* NewGoalViewControllers */,
				42F010291D4FAB6E002CD514 /* UserViewControllers */,
				42F010261D4FAA94002CD514 /* TimelineViewControllers */,
				42F010221D4FA925002CD514 /* LoginViewController.swift */,
				42F010231D4FA925002CD514 /* MainTabBarController.swift */,
			);
			path = ViewControllers;
			sourceTree = "<group>";
		};
		42F010071D4F9F9E002CD514 /* Views */ = {
			isa = PBXGroup;
			children = (
				422378921D60373A00062B73 /* FriendViews */,
				424AF20E1D5ED2C0001754B2 /* NewGoalViews */,
				424AF20D1D5ED2AF001754B2 /* UserTimelineViews */,
				420114E91D57BBAF00B2F199 /* TimelineViews */,
				E07B398B1D5482310000FA93 /* InviteFriendViews */,
			);
			path = Views;
			sourceTree = "<group>";
		};
		42F010081D4F9FAA002CD514 /* API */ = {
			isa = PBXGroup;
			children = (
				4263DF511D5BC6460050E5A0 /* APIClient.swift */,
				4263DF521D5BC6460050E5A0 /* APIResponse.swift */,
				4263DF531D5BC6460050E5A0 /* Auth.swift */,
				4263DF541D5BC6460050E5A0 /* Categories.swift */,
				4263DF551D5BC6460050E5A0 /* Friends.swift */,
				4263DF561D5BC6460050E5A0 /* Goals.swift */,
				424AF1FD1D5E8B95001754B2 /* Users.swift */,
			);
			path = API;
			sourceTree = "<group>";
		};
		42F010091D4F9FB4002CD514 /* Models */ = {
			isa = PBXGroup;
			children = (
				424AF2011D5E94A9001754B2 /* SessionsHistory.swift */,
				4263033D1D526687007C1963 /* User.swift */,
				4263F9111D558C9B00C119DB /* Goal.swift */,
				420114DF1D5791D900B2F199 /* TimelineItem.swift */,
				E471C84F1D57895D0075C5E9 /* Category.swift */,
			);
			path = Models;
			sourceTree = "<group>";
		};
		42F0100C1D4FA43B002CD514 /* Singleton */ = {
			isa = PBXGroup;
			children = (
				E0E6F29C1D5772B000EE8448 /* LocalNotificationsManager.swift */,
				42F0100D1D4FA473002CD514 /* StoryboardManager.swift */,
				42F0102F1D4FAF5F002CD514 /* Constants.swift */,
				420114E31D579B4800B2F199 /* Utils.swift */,
			);
			path = Singleton;
			sourceTree = "<group>";
		};
		42F010171D4FA7EC002CD514 /* StoryBoards */ = {
			isa = PBXGroup;
			children = (
				422378971D60375A00062B73 /* Friend.storyboard */,
				E07B39821D5481A70000FA93 /* InviteFriend.storyboard */,
				42F010181D4FA856002CD514 /* Login.storyboard */,
				42F010191D4FA856002CD514 /* NewGoal.storyboard */,
				42F0101A1D4FA856002CD514 /* Timeline.storyboard */,
				42F0101B1D4FA856002CD514 /* User.storyboard */,
				4263F9151D55FD2600C119DB /* GoalStartEnd.storyboard */,
			);
			path = StoryBoards;
			sourceTree = "<group>";
		};
		42F010261D4FAA94002CD514 /* TimelineViewControllers */ = {
			isa = PBXGroup;
			children = (
				42F010271D4FAB1F002CD514 /* TimelineViewController.swift */,
			);
			path = TimelineViewControllers;
			sourceTree = "<group>";
		};
		42F010291D4FAB6E002CD514 /* UserViewControllers */ = {
			isa = PBXGroup;
			children = (
				42F0102A1D4FABBE002CD514 /* UserViewController.swift */,
			);
			path = UserViewControllers;
			sourceTree = "<group>";
		};
		42F0102C1D4FAC3A002CD514 /* NewGoalViewControllers */ = {
			isa = PBXGroup;
			children = (
				422378901D60361500062B73 /* WeekdaysViewController.swift */,
				E471C8471D5787150075C5E9 /* DefineGoalViewController.swift */,
				E471C8481D5787150075C5E9 /* DurationViewController.swift */,
				E471C8491D5787150075C5E9 /* GoalIntervalTableViewController.swift */,
				42F0102D1D4FACC7002CD514 /* NewGoalViewController.swift */,
				E4986E4F1D604642005A6A34 /* DoneViewController.swift */,
			);
			path = NewGoalViewControllers;
			sourceTree = "<group>";
		};
		E00701461D608CBC0090972F /* FriendControllers */ = {
			isa = PBXGroup;
			children = (
				E00701471D608D180090972F /* FriendViewController.swift */,
			);
			name = FriendControllers;
			sourceTree = "<group>";
		};
		E07B39841D5481C60000FA93 /* InviteFriendViewControllers */ = {
			isa = PBXGroup;
			children = (
				E07B39851D5481C60000FA93 /* InviteViewController.swift */,
				E07B39861D5481C60000FA93 /* SelectInviteFriendViewController.swift */,
			);
			path = InviteFriendViewControllers;
			sourceTree = "<group>";
		};
		E07B398B1D5482310000FA93 /* InviteFriendViews */ = {
			isa = PBXGroup;
			children = (
				E0E6F2A01D57761900EE8448 /* SuggestFriendTableViewCell.swift */,
			);
			name = InviteFriendViews;
			sourceTree = "<group>";
		};
		F12935C63977DEE64BD5514D /* Pods */ = {
			isa = PBXGroup;
			children = (
				D507D87978FC701EDF431D34 /* Pods-GoalPerformance.debug.xcconfig */,
				51AB9B7915E8FB1C8939CDC2 /* Pods-GoalPerformance.release.xcconfig */,
			);
			name = Pods;
			sourceTree = "<group>";
		};
/* End PBXGroup section */

/* Begin PBXNativeTarget section */
		42210CA51D4D040F0029990F /* GoalPerformance */ = {
			isa = PBXNativeTarget;
			buildConfigurationList = 42210CB81D4D04100029990F /* Build configuration list for PBXNativeTarget "GoalPerformance" */;
			buildPhases = (
				DF063DC0BDB8EBCA09371D8B /* [CP] Check Pods Manifest.lock */,
				42210CA21D4D040F0029990F /* Sources */,
				42210CA31D4D040F0029990F /* Frameworks */,
				42210CA41D4D040F0029990F /* Resources */,
				8B651C38814CA4D989754850 /* [CP] Embed Pods Frameworks */,
				F28958823711820E97E2EDCA /* [CP] Copy Pods Resources */,
			);
			buildRules = (
			);
			dependencies = (
			);
			name = GoalPerformance;
			productName = GoalPerformance;
			productReference = 42210CA61D4D040F0029990F /* GoalPerformance.app */;
			productType = "com.apple.product-type.application";
		};
/* End PBXNativeTarget section */

/* Begin PBXProject section */
		42210C9E1D4D040F0029990F /* Project object */ = {
			isa = PBXProject;
			attributes = {
				LastSwiftUpdateCheck = 0730;
				LastUpgradeCheck = 0730;
				ORGANIZATIONNAME = "Group 7";
				TargetAttributes = {
					42210CA51D4D040F0029990F = {
						CreatedOnToolsVersion = 7.3.1;
					};
				};
			};
			buildConfigurationList = 42210CA11D4D040F0029990F /* Build configuration list for PBXProject "GoalPerformance" */;
			compatibilityVersion = "Xcode 3.2";
			developmentRegion = English;
			hasScannedForEncodings = 0;
			knownRegions = (
				en,
				Base,
			);
			mainGroup = 42210C9D1D4D040F0029990F;
			productRefGroup = 42210CA71D4D040F0029990F /* Products */;
			projectDirPath = "";
			projectRoot = "";
			targets = (
				42210CA51D4D040F0029990F /* GoalPerformance */,
			);
		};
/* End PBXProject section */

/* Begin PBXResourcesBuildPhase section */
		42210CA41D4D040F0029990F /* Resources */ = {
			isa = PBXResourcesBuildPhase;
			buildActionMask = 2147483647;
			files = (
				422378981D60375A00062B73 /* Friend.storyboard in Resources */,
				424AF2181D5EDEE0001754B2 /* UserProfileTableViewCell.xib in Resources */,
				4263F9161D55FD2600C119DB /* GoalStartEnd.storyboard in Resources */,
				42F0101C1D4FA856002CD514 /* Login.storyboard in Resources */,
				42F0101E1D4FA856002CD514 /* Timeline.storyboard in Resources */,
				420114E81D579FA100B2F199 /* TimelineItemTableViewCell.xib in Resources */,
				424AF2201D5EF67B001754B2 /* UsersGoalSectionHeaderView.xib in Resources */,
				42210CB41D4D040F0029990F /* LaunchScreen.storyboard in Resources */,
				424AF21C1D5EDF00001754B2 /* UserGoalsChartTableViewCell.xib in Resources */,
				42210CB11D4D040F0029990F /* Assets.xcassets in Resources */,
				42210CAF1D4D040F0029990F /* Main.storyboard in Resources */,
				422378961D60374B00062B73 /* FriendTableViewCell.xib in Resources */,
				E07B39831D5481A70000FA93 /* InviteFriend.storyboard in Resources */,
				424AF2141D5ED30F001754B2 /* UserGoalTableViewCell.xib in Resources */,
				42F0101F1D4FA856002CD514 /* User.storyboard in Resources */,
				42F0101D1D4FA856002CD514 /* NewGoal.storyboard in Resources */,
			);
			runOnlyForDeploymentPostprocessing = 0;
		};
/* End PBXResourcesBuildPhase section */

/* Begin PBXShellScriptBuildPhase section */
		8B651C38814CA4D989754850 /* [CP] Embed Pods Frameworks */ = {
			isa = PBXShellScriptBuildPhase;
			buildActionMask = 2147483647;
			files = (
			);
			inputPaths = (
			);
			name = "[CP] Embed Pods Frameworks";
			outputPaths = (
			);
			runOnlyForDeploymentPostprocessing = 0;
			shellPath = /bin/sh;
			shellScript = "\"${SRCROOT}/Pods/Target Support Files/Pods-GoalPerformance/Pods-GoalPerformance-frameworks.sh\"\n";
			showEnvVarsInLog = 0;
		};
		DF063DC0BDB8EBCA09371D8B /* [CP] Check Pods Manifest.lock */ = {
			isa = PBXShellScriptBuildPhase;
			buildActionMask = 2147483647;
			files = (
			);
			inputPaths = (
			);
			name = "[CP] Check Pods Manifest.lock";
			outputPaths = (
			);
			runOnlyForDeploymentPostprocessing = 0;
			shellPath = /bin/sh;
			shellScript = "diff \"${PODS_ROOT}/../Podfile.lock\" \"${PODS_ROOT}/Manifest.lock\" > /dev/null\nif [[ $? != 0 ]] ; then\n    cat << EOM\nerror: The sandbox is not in sync with the Podfile.lock. Run 'pod install' or update your CocoaPods installation.\nEOM\n    exit 1\nfi\n";
			showEnvVarsInLog = 0;
		};
		F28958823711820E97E2EDCA /* [CP] Copy Pods Resources */ = {
			isa = PBXShellScriptBuildPhase;
			buildActionMask = 2147483647;
			files = (
			);
			inputPaths = (
			);
			name = "[CP] Copy Pods Resources";
			outputPaths = (
			);
			runOnlyForDeploymentPostprocessing = 0;
			shellPath = /bin/sh;
			shellScript = "\"${SRCROOT}/Pods/Target Support Files/Pods-GoalPerformance/Pods-GoalPerformance-resources.sh\"\n";
			showEnvVarsInLog = 0;
		};
/* End PBXShellScriptBuildPhase section */

/* Begin PBXSourcesBuildPhase section */
		42210CA21D4D040F0029990F /* Sources */ = {
			isa = PBXSourcesBuildPhase;
			buildActionMask = 2147483647;
			files = (
				E07B39881D5481C60000FA93 /* SelectInviteFriendViewController.swift in Sources */,
				424AF2131D5ED30F001754B2 /* UserGoalTableViewCell.swift in Sources */,
				E0E6F2A11D57761900EE8448 /* SuggestFriendTableViewCell.swift in Sources */,
				422378911D60361500062B73 /* WeekdaysViewController.swift in Sources */,
				420114E71D579FA100B2F199 /* TimelineItemTableViewCell.swift in Sources */,
				424AF2171D5EDEE0001754B2 /* UserProfileTableViewCell.swift in Sources */,
				E471C84B1D5787150075C5E9 /* DurationViewController.swift in Sources */,
				4263033E1D526687007C1963 /* User.swift in Sources */,
				42F010241D4FA925002CD514 /* LoginViewController.swift in Sources */,
				42F0102B1D4FABBE002CD514 /* UserViewController.swift in Sources */,
				E0E6F29F1D5773AC00EE8448 /* EndGoalNotifyViewController.swift in Sources */,
				4263DF5C1D5BC6460050E5A0 /* Goals.swift in Sources */,
				E0E6F29D1D5772B000EE8448 /* LocalNotificationsManager.swift in Sources */,
				4263DF571D5BC6460050E5A0 /* APIClient.swift in Sources */,
				E471C8501D57895D0075C5E9 /* Category.swift in Sources */,
				4263DF5A1D5BC6460050E5A0 /* Categories.swift in Sources */,
				E4986E501D604642005A6A34 /* DoneViewController.swift in Sources */,
				4263DF591D5BC6460050E5A0 /* Auth.swift in Sources */,
				4263DF5B1D5BC6460050E5A0 /* Friends.swift in Sources */,
				4263F91B1D55FF7500C119DB /* StartGoalNotifyViewController.swift in Sources */,
				424AF2101D5ED2DF001754B2 /* WeekdayCell.swift in Sources */,
				420114E01D5791D900B2F199 /* TimelineItem.swift in Sources */,
				42F0102E1D4FACC7002CD514 /* NewGoalViewController.swift in Sources */,
				E07B39871D5481C60000FA93 /* InviteViewController.swift in Sources */,
				424AF21B1D5EDF00001754B2 /* UserGoalsChartTableViewCell.swift in Sources */,
				424AF2021D5E94A9001754B2 /* SessionsHistory.swift in Sources */,
				E471C84A1D5787150075C5E9 /* DefineGoalViewController.swift in Sources */,
				42210CAA1D4D040F0029990F /* AppDelegate.swift in Sources */,
				42F010251D4FA925002CD514 /* MainTabBarController.swift in Sources */,
				4263DF501D5BC5A40050E5A0 /* CoreExtend.swift in Sources */,
				424AF1FE1D5E8B95001754B2 /* Users.swift in Sources */,
				42F0100E1D4FA473002CD514 /* StoryboardManager.swift in Sources */,
				424AF21E1D5EF65F001754B2 /* UsersGoalSectionHeaderView.swift in Sources */,
				E00701481D608D180090972F /* FriendViewController.swift in Sources */,
				42F010281D4FAB1F002CD514 /* TimelineViewController.swift in Sources */,
				422378951D60374B00062B73 /* FriendTableViewCell.swift in Sources */,
				42F010301D4FAF5F002CD514 /* Constants.swift in Sources */,
				4263F9121D558C9B00C119DB /* Goal.swift in Sources */,
				420114E41D579B4800B2F199 /* Utils.swift in Sources */,
				E471C84C1D5787150075C5E9 /* GoalIntervalTableViewController.swift in Sources */,
				4263DF581D5BC6460050E5A0 /* APIResponse.swift in Sources */,
			);
			runOnlyForDeploymentPostprocessing = 0;
		};
/* End PBXSourcesBuildPhase section */

/* Begin PBXVariantGroup section */
		42210CAD1D4D040F0029990F /* Main.storyboard */ = {
			isa = PBXVariantGroup;
			children = (
				42210CAE1D4D040F0029990F /* Base */,
			);
			name = Main.storyboard;
			sourceTree = "<group>";
		};
		42210CB21D4D040F0029990F /* LaunchScreen.storyboard */ = {
			isa = PBXVariantGroup;
			children = (
				42210CB31D4D040F0029990F /* Base */,
			);
			name = LaunchScreen.storyboard;
			sourceTree = "<group>";
		};
/* End PBXVariantGroup section */

/* Begin XCBuildConfiguration section */
		42210CB61D4D04100029990F /* Debug */ = {
			isa = XCBuildConfiguration;
			buildSettings = {
				ALWAYS_SEARCH_USER_PATHS = NO;
				CLANG_ANALYZER_NONNULL = YES;
				CLANG_CXX_LANGUAGE_STANDARD = "gnu++0x";
				CLANG_CXX_LIBRARY = "libc++";
				CLANG_ENABLE_MODULES = YES;
				CLANG_ENABLE_OBJC_ARC = YES;
				CLANG_WARN_BOOL_CONVERSION = YES;
				CLANG_WARN_CONSTANT_CONVERSION = YES;
				CLANG_WARN_DIRECT_OBJC_ISA_USAGE = YES_ERROR;
				CLANG_WARN_EMPTY_BODY = YES;
				CLANG_WARN_ENUM_CONVERSION = YES;
				CLANG_WARN_INT_CONVERSION = YES;
				CLANG_WARN_OBJC_ROOT_CLASS = YES_ERROR;
				CLANG_WARN_UNREACHABLE_CODE = YES;
				CLANG_WARN__DUPLICATE_METHOD_MATCH = YES;
				"CODE_SIGN_IDENTITY[sdk=iphoneos*]" = "iPhone Developer";
				COPY_PHASE_STRIP = NO;
				DEBUG_INFORMATION_FORMAT = dwarf;
				ENABLE_STRICT_OBJC_MSGSEND = YES;
				ENABLE_TESTABILITY = YES;
				GCC_C_LANGUAGE_STANDARD = gnu99;
				GCC_DYNAMIC_NO_PIC = NO;
				GCC_NO_COMMON_BLOCKS = YES;
				GCC_OPTIMIZATION_LEVEL = 0;
				GCC_PREPROCESSOR_DEFINITIONS = (
					"DEBUG=1",
					"$(inherited)",
				);
				GCC_WARN_64_TO_32_BIT_CONVERSION = YES;
				GCC_WARN_ABOUT_RETURN_TYPE = YES_ERROR;
				GCC_WARN_UNDECLARED_SELECTOR = YES;
				GCC_WARN_UNINITIALIZED_AUTOS = YES_AGGRESSIVE;
				GCC_WARN_UNUSED_FUNCTION = YES;
				GCC_WARN_UNUSED_VARIABLE = YES;
				IPHONEOS_DEPLOYMENT_TARGET = 9.3;
				MTL_ENABLE_DEBUG_INFO = YES;
				ONLY_ACTIVE_ARCH = YES;
				SDKROOT = iphoneos;
				SWIFT_OPTIMIZATION_LEVEL = "-Onone";
			};
			name = Debug;
		};
		42210CB71D4D04100029990F /* Release */ = {
			isa = XCBuildConfiguration;
			buildSettings = {
				ALWAYS_SEARCH_USER_PATHS = NO;
				CLANG_ANALYZER_NONNULL = YES;
				CLANG_CXX_LANGUAGE_STANDARD = "gnu++0x";
				CLANG_CXX_LIBRARY = "libc++";
				CLANG_ENABLE_MODULES = YES;
				CLANG_ENABLE_OBJC_ARC = YES;
				CLANG_WARN_BOOL_CONVERSION = YES;
				CLANG_WARN_CONSTANT_CONVERSION = YES;
				CLANG_WARN_DIRECT_OBJC_ISA_USAGE = YES_ERROR;
				CLANG_WARN_EMPTY_BODY = YES;
				CLANG_WARN_ENUM_CONVERSION = YES;
				CLANG_WARN_INT_CONVERSION = YES;
				CLANG_WARN_OBJC_ROOT_CLASS = YES_ERROR;
				CLANG_WARN_UNREACHABLE_CODE = YES;
				CLANG_WARN__DUPLICATE_METHOD_MATCH = YES;
				"CODE_SIGN_IDENTITY[sdk=iphoneos*]" = "iPhone Developer";
				COPY_PHASE_STRIP = NO;
				DEBUG_INFORMATION_FORMAT = "dwarf-with-dsym";
				ENABLE_NS_ASSERTIONS = NO;
				ENABLE_STRICT_OBJC_MSGSEND = YES;
				GCC_C_LANGUAGE_STANDARD = gnu99;
				GCC_NO_COMMON_BLOCKS = YES;
				GCC_WARN_64_TO_32_BIT_CONVERSION = YES;
				GCC_WARN_ABOUT_RETURN_TYPE = YES_ERROR;
				GCC_WARN_UNDECLARED_SELECTOR = YES;
				GCC_WARN_UNINITIALIZED_AUTOS = YES_AGGRESSIVE;
				GCC_WARN_UNUSED_FUNCTION = YES;
				GCC_WARN_UNUSED_VARIABLE = YES;
				IPHONEOS_DEPLOYMENT_TARGET = 9.3;
				MTL_ENABLE_DEBUG_INFO = NO;
				SDKROOT = iphoneos;
				VALIDATE_PRODUCT = YES;
			};
			name = Release;
		};
		42210CB91D4D04100029990F /* Debug */ = {
			isa = XCBuildConfiguration;
			baseConfigurationReference = D507D87978FC701EDF431D34 /* Pods-GoalPerformance.debug.xcconfig */;
			buildSettings = {
				ASSETCATALOG_COMPILER_APPICON_NAME = AppIcon;
				INFOPLIST_FILE = GoalPerformance/Info.plist;
				IPHONEOS_DEPLOYMENT_TARGET = 8.0;
				LD_RUNPATH_SEARCH_PATHS = "$(inherited) @executable_path/Frameworks";
				PRODUCT_BUNDLE_IDENTIFIER = com.swift4.GoalPerformance;
				PRODUCT_NAME = "$(TARGET_NAME)";
			};
			name = Debug;
		};
		42210CBA1D4D04100029990F /* Release */ = {
			isa = XCBuildConfiguration;
			baseConfigurationReference = 51AB9B7915E8FB1C8939CDC2 /* Pods-GoalPerformance.release.xcconfig */;
			buildSettings = {
				ASSETCATALOG_COMPILER_APPICON_NAME = AppIcon;
				INFOPLIST_FILE = GoalPerformance/Info.plist;
				IPHONEOS_DEPLOYMENT_TARGET = 8.0;
				LD_RUNPATH_SEARCH_PATHS = "$(inherited) @executable_path/Frameworks";
				PRODUCT_BUNDLE_IDENTIFIER = com.swift4.GoalPerformance;
				PRODUCT_NAME = "$(TARGET_NAME)";
			};
			name = Release;
		};
/* End XCBuildConfiguration section */

/* Begin XCConfigurationList section */
		42210CA11D4D040F0029990F /* Build configuration list for PBXProject "GoalPerformance" */ = {
			isa = XCConfigurationList;
			buildConfigurations = (
				42210CB61D4D04100029990F /* Debug */,
				42210CB71D4D04100029990F /* Release */,
			);
			defaultConfigurationIsVisible = 0;
			defaultConfigurationName = Release;
		};
		42210CB81D4D04100029990F /* Build configuration list for PBXNativeTarget "GoalPerformance" */ = {
			isa = XCConfigurationList;
			buildConfigurations = (
				42210CB91D4D04100029990F /* Debug */,
				42210CBA1D4D04100029990F /* Release */,
			);
			defaultConfigurationIsVisible = 0;
			defaultConfigurationName = Release;
		};
/* End XCConfigurationList section */
	};
	rootObject = 42210C9E1D4D040F0029990F /* Project object */;
}
